
Microsoft Visual Studio Solution File, Format Version 12.00
# Visual Studio 15
VisualStudioVersion = 15.0.28307.572
MinimumVisualStudioVersion = 10.0.40219.1
Project("{FAE04EC0-301F-11D3-BF4B-00C04F79EFBC}") = "Genethic Algorithm", "Genethic Algorithm\Genethic Algorithm.csproj", "{B2B24C85-7F3C-4AA5-B5B9-46BA6EF00F45}"
EndProject
Global
	GlobalSection(SolutionConfigurationPlatforms) = preSolution
		Debug|Any CPU = Debug|Any CPU
		Release|Any CPU = Release|Any CPU
	EndGlobalSection
	GlobalSection(ProjectConfigurationPlatforms) = postSolution
		{B2B24C85-7F3C-4AA5-B5B9-46BA6EF00F45}.Debug|Any CPU.ActiveCfg = Debug|Any CPU
		{B2B24C85-7F3C-4AA5-B5B9-46BA6EF00F45}.Debug|Any CPU.Build.0 = Debug|Any CPU
		{B2B24C85-7F3C-4AA5-B5B9-46BA6EF00F45}.Release|Any CPU.ActiveCfg = Release|Any CPU
		{B2B24C85-7F3C-4AA5-B5B9-46BA6EF00F45}.Release|Any CPU.Build.0 = Release|Any CPU
	EndGlobalSection
	GlobalSection(SolutionProperties) = preSolution
		HideSolutionNode = FALSE
	EndGlobalSection
	GlobalSection(ExtensibilityGlobals) = postSolution
		SolutionGuid = {2BF59736-AD29-4B70-B6E7-8DF2A224B4ED}
	EndGlobalSection
EndGlobal
